<?xml version="1.0" encoding="utf-8"?>
<Project ToolsVersion="4.0" xmlns="http://schemas.microsoft.com/developer/msbuild/2003">
  <ItemGroup>
    <Filter Include="Source">
      <UniqueIdentifier>{54c44a6d-dcb2-4ef7-82ce-5553bf9ff638}</UniqueIdentifier>
    </Filter>
    <Filter Include="Headers">
      <UniqueIdentifier>{54c2eb49-7a35-4a2d-9cbf-544734f1d0bc}</UniqueIdentifier>
    </Filter>
  </ItemGroup>
  <ItemGroup>
    <ClCompile Include="smoke_tests.cpp">
      <Filter>Source</Filter>
    </ClCompile>
    <ClCompile Include="..\src\TextUtil.cpp">
      <Filter>Source</Filter>
    </ClCompile>
    <ClCompile Include="..\src\Diagnostics.cpp">
      <Filter>Source</Filter>
    </ClCompile>
    <ClCompile Include="..\src\ObsClient.cpp">
      <Filter>Source</Filter>
    </ClCompile>
    <ClCompile Include="..\src\ObsProtocol.cpp">
      <Filter>Source</Filter>
    </ClCompile>
    <ClCompile Include="..\src\SettingsStore.cpp">
      <Filter>Source</Filter>
    </ClCompile>
    <ClCompile Include="..\src\WebBridgeCodec.cpp">
      <Filter>Source</Filter>
    </ClCompile>
    <ClCompile Include="..\src\WinHttpWebSocket.cpp">
      <Filter>Source</Filter>
    </ClCompile>
  </ItemGroup>
  <ItemGroup>
    <ClInclude Include="..\src\AppTypes.h">
      <Filter>Headers</Filter>
    </ClInclude>
    <ClInclude Include="..\src\TextUtil.h">
      <Filter>Headers</Filter>
    </ClInclude>
    <ClInclude Include="..\src\Diagnostics.h">
      <Filter>Headers</Filter>
    </ClInclude>
    <ClInclude Include="..\src\ObsClient.h">
      <Filter>Headers</Filter>
    </ClInclude>
    <ClInclude Include="..\src\ObsProtocol.h">
      <Filter>Headers</Filter>
    </ClInclude>
    <ClInclude Include="..\src\OverlayVisualState.h">
      <Filter>Headers</Filter>
    </ClInclude>
    <ClInclude Include="..\src\SettingsStore.h">
      <Filter>Headers</Filter>
    </ClInclude>
    <ClInclude Include="..\src\WebBridgeCodec.h">
      <Filter>Headers</Filter>
    </ClInclude>
    <ClInclude Include="..\src\WinHttpWebSocket.h">
      <Filter>Headers</Filter>
    </ClInclude>
  </ItemGroup>
</Project>
